// !$*UTF8*$!
{
	archiveVersion = 1;
	classes = {
	};
	objectVersion = 46;
	objects = {

/* Begin PBXBuildFile section */
		E196CF601B15CA6A00178935 /* main.m in Sources */ = {isa = PBXBuildFile; fileRef = E196CF5F1B15CA6A00178935 /* main.m */; };
		E196CF631B15CA6A00178935 /* AppDelegate.m in Sources */ = {isa = PBXBuildFile; fileRef = E196CF621B15CA6A00178935 /* AppDelegate.m */; };
		E196CF661B15CA6A00178935 /* ViewController.m in Sources */ = {isa = PBXBuildFile; fileRef = E196CF651B15CA6A00178935 /* ViewController.m */; };
		E196CF691B15CA6A00178935 /* Main.storyboard in Resources */ = {isa = PBXBuildFile; fileRef = E196CF671B15CA6A00178935 /* Main.storyboard */; };
		E196CF6B1B15CA6A00178935 /* Images.xcassets in Resources */ = {isa = PBXBuildFile; fileRef = E196CF6A1B15CA6A00178935 /* Images.xcassets */; };
		E196CF6E1B15CA6A00178935 /* LaunchScreen.xib in Resources */ = {isa = PBXBuildFile; fileRef = E196CF6C1B15CA6A00178935 /* LaunchScreen.xib */; };
		E196CF7A1B15CA6A00178935 /* VirginPHPCommunicateTestTests.m in Sources */ = {isa = PBXBuildFile; fileRef = E196CF791B15CA6A00178935 /* VirginPHPCommunicateTestTests.m */; };
		E196CF8B1B15CBC300178935 /* TPKeyboardAvoidingCollectionView.m in Sources */ = {isa = PBXBuildFile; fileRef = E196CF841B15CBC300178935 /* TPKeyboardAvoidingCollectionView.m */; };
		E196CF8C1B15CBC300178935 /* TPKeyboardAvoidingScrollView.m in Sources */ = {isa = PBXBuildFile; fileRef = E196CF861B15CBC300178935 /* TPKeyboardAvoidingScrollView.m */; };
		E196CF8D1B15CBC300178935 /* TPKeyboardAvoidingTableView.m in Sources */ = {isa = PBXBuildFile; fileRef = E196CF881B15CBC300178935 /* TPKeyboardAvoidingTableView.m */; };
		E196CF8E1B15CBC300178935 /* UIScrollView+TPKeyboardAvoidingAdditions.m in Sources */ = {isa = PBXBuildFile; fileRef = E196CF8A1B15CBC300178935 /* UIScrollView+TPKeyboardAvoidingAdditions.m */; };
		E196CFB51B15CD1400178935 /* AFHTTPRequestOperation.m in Sources */ = {isa = PBXBuildFile; fileRef = E196CF911B15CD1400178935 /* AFHTTPRequestOperation.m */; };
		E196CFB61B15CD1400178935 /* AFHTTPRequestOperationManager.m in Sources */ = {isa = PBXBuildFile; fileRef = E196CF931B15CD1400178935 /* AFHTTPRequestOperationManager.m */; };
		E196CFB71B15CD1400178935 /* AFHTTPSessionManager.m in Sources */ = {isa = PBXBuildFile; fileRef = E196CF951B15CD1400178935 /* AFHTTPSessionManager.m */; };
		E196CFB81B15CD1400178935 /* AFNetworkReachabilityManager.m in Sources */ = {isa = PBXBuildFile; fileRef = E196CF981B15CD1400178935 /* AFNetworkReachabilityManager.m */; };
		E196CFB91B15CD1400178935 /* AFSecurityPolicy.m in Sources */ = {isa = PBXBuildFile; fileRef = E196CF9A1B15CD1400178935 /* AFSecurityPolicy.m */; };
		E196CFBA1B15CD1400178935 /* AFURLConnectionOperation.m in Sources */ = {isa = PBXBuildFile; fileRef = E196CF9C1B15CD1400178935 /* AFURLConnectionOperation.m */; };
		E196CFBB1B15CD1400178935 /* AFURLRequestSerialization.m in Sources */ = {isa = PBXBuildFile; fileRef = E196CF9E1B15CD1400178935 /* AFURLRequestSerialization.m */; };
		E196CFBC1B15CD1400178935 /* AFURLResponseSerialization.m in Sources */ = {isa = PBXBuildFile; fileRef = E196CFA01B15CD1400178935 /* AFURLResponseSerialization.m */; };
		E196CFBD1B15CD1400178935 /* AFURLSessionManager.m in Sources */ = {isa = PBXBuildFile; fileRef = E196CFA21B15CD1400178935 /* AFURLSessionManager.m */; };
		E196CFBE1B15CD1400178935 /* AFNetworkActivityIndicatorManager.m in Sources */ = {isa = PBXBuildFile; fileRef = E196CFA51B15CD1400178935 /* AFNetworkActivityIndicatorManager.m */; };
		E196CFBF1B15CD1400178935 /* UIActivityIndicatorView+AFNetworking.m in Sources */ = {isa = PBXBuildFile; fileRef = E196CFA71B15CD1400178935 /* UIActivityIndicatorView+AFNetworking.m */; };
		E196CFC01B15CD1400178935 /* UIAlertView+AFNetworking.m in Sources */ = {isa = PBXBuildFile; fileRef = E196CFA91B15CD1400178935 /* UIAlertView+AFNetworking.m */; };
		E196CFC11B15CD1400178935 /* UIButton+AFNetworking.m in Sources */ = {isa = PBXBuildFile; fileRef = E196CFAB1B15CD1400178935 /* UIButton+AFNetworking.m */; };
		E196CFC21B15CD1400178935 /* UIImageView+AFNetworking.m in Sources */ = {isa = PBXBuildFile; fileRef = E196CFAD1B15CD1400178935 /* UIImageView+AFNetworking.m */; };
		E196CFC31B15CD1400178935 /* UIProgressView+AFNetworking.m in Sources */ = {isa = PBXBuildFile; fileRef = E196CFB01B15CD1400178935 /* UIProgressView+AFNetworking.m */; };
		E196CFC41B15CD1400178935 /* UIRefreshControl+AFNetworking.m in Sources */ = {isa = PBXBuildFile; fileRef = E196CFB21B15CD1400178935 /* UIRefreshControl+AFNetworking.m */; };
		E196CFC51B15CD1400178935 /* UIWebView+AFNetworking.m in Sources */ = {isa = PBXBuildFile; fileRef = E196CFB41B15CD1400178935 /* UIWebView+AFNetworking.m */; };
/* End PBXBuildFile section */

/* Begin PBXContainerItemProxy section */
		E196CF741B15CA6A00178935 /* PBXContainerItemProxy */ = {
			isa = PBXContainerItemProxy;
			containerPortal = E196CF521B15CA6A00178935 /* Project object */;
			proxyType = 1;
			remoteGlobalIDString = E196CF591B15CA6A00178935;
			remoteInfo = VirginPHPCommunicateTest;
		};
/* End PBXContainerItemProxy section */

/* Begin PBXFileReference section */
		E196CF5A1B15CA6A00178935 /* VirginPHPCommunicateTest.app */ = {isa = PBXFileReference; explicitFileType = wrapper.application; includeInIndex = 0; path = VirginPHPCommunicateTest.app; sourceTree = BUILT_PRODUCTS_DIR; };
		E196CF5E1B15CA6A00178935 /* Info.plist */ = {isa = PBXFileReference; lastKnownFileType = text.plist.xml; path = Info.plist; sourceTree = "<group>"; };
		E196CF5F1B15CA6A00178935 /* main.m */ = {isa = PBXFileReference; lastKnownFileType = sourcecode.c.objc; path = main.m; sourceTree = "<group>"; };
		E196CF611B15CA6A00178935 /* AppDelegate.h */ = {isa = PBXFileReference; lastKnownFileType = sourcecode.c.h; path = AppDelegate.h; sourceTree = "<group>"; };
		E196CF621B15CA6A00178935 /* AppDelegate.m */ = {isa = PBXFileReference; lastKnownFileType = sourcecode.c.objc; path = AppDelegate.m; sourceTree = "<group>"; };
		E196CF641B15CA6A00178935 /* ViewController.h */ = {isa = PBXFileReference; lastKnownFileType = sourcecode.c.h; path = ViewController.h; sourceTree = "<group>"; };
		E196CF651B15CA6A00178935 /* ViewController.m */ = {isa = PBXFileReference; lastKnownFileType = sourcecode.c.objc; path = ViewController.m; sourceTree = "<group>"; };
		E196CF681B15CA6A00178935 /* Base */ = {isa = PBXFileReference; lastKnownFileType = file.storyboard; name = Base; path = Base.lproj/Main.storyboard; sourceTree = "<group>"; };
		E196CF6A1B15CA6A00178935 /* Images.xcassets */ = {isa = PBXFileReference; lastKnownFileType = folder.assetcatalog; path = Images.xcassets; sourceTree = "<group>"; };
		E196CF6D1B15CA6A00178935 /* Base */ = {isa = PBXFileReference; lastKnownFileType = file.xib; name = Base; path = Base.lproj/LaunchScreen.xib; sourceTree = "<group>"; };
		E196CF731B15CA6A00178935 /* VirginPHPCommunicateTestTests.xctest */ = {isa = PBXFileReference; explicitFileType = wrapper.cfbundle; includeInIndex = 0; path = VirginPHPCommunicateTestTests.xctest; sourceTree = BUILT_PRODUCTS_DIR; };
		E196CF781B15CA6A00178935 /* Info.plist */ = {isa = PBXFileReference; lastKnownFileType = text.plist.xml; path = Info.plist; sourceTree = "<group>"; };
		E196CF791B15CA6A00178935 /* VirginPHPCommunicateTestTests.m */ = {isa = PBXFileReference; lastKnownFileType = sourcecode.c.objc; path = VirginPHPCommunicateTestTests.m; sourceTree = "<group>"; };
		E196CF831B15CBC300178935 /* TPKeyboardAvoidingCollectionView.h */ = {isa = PBXFileReference; fileEncoding = 4; lastKnownFileType = sourcecode.c.h; path = TPKeyboardAvoidingCollectionView.h; sourceTree = "<group>"; };
		E196CF841B15CBC300178935 /* TPKeyboardAvoidingCollectionView.m */ = {isa = PBXFileReference; fileEncoding = 4; lastKnownFileType = sourcecode.c.objc; path = TPKeyboardAvoidingCollectionView.m; sourceTree = "<group>"; };
		E196CF851B15CBC300178935 /* TPKeyboardAvoidingScrollView.h */ = {isa = PBXFileReference; fileEncoding = 4; lastKnownFileType = sourcecode.c.h; path = TPKeyboardAvoidingScrollView.h; sourceTree = "<group>"; };
		E196CF861B15CBC300178935 /* TPKeyboardAvoidingScrollView.m */ = {isa = PBXFileReference; fileEncoding = 4; lastKnownFileType = sourcecode.c.objc; path = TPKeyboardAvoidingScrollView.m; sourceTree = "<group>"; };
		E196CF871B15CBC300178935 /* TPKeyboardAvoidingTableView.h */ = {isa = PBXFileReference; fileEncoding = 4; lastKnownFileType = sourcecode.c.h; path = TPKeyboardAvoidingTableView.h; sourceTree = "<group>"; };
		E196CF881B15CBC300178935 /* TPKeyboardAvoidingTableView.m */ = {isa = PBXFileReference; fileEncoding = 4; lastKnownFileType = sourcecode.c.objc; path = TPKeyboardAvoidingTableView.m; sourceTree = "<group>"; };
		E196CF891B15CBC300178935 /* UIScrollView+TPKeyboardAvoidingAdditions.h */ = {isa = PBXFileReference; fileEncoding = 4; lastKnownFileType = sourcecode.c.h; path = "UIScrollView+TPKeyboardAvoidingAdditions.h"; sourceTree = "<group>"; };
		E196CF8A1B15CBC300178935 /* UIScrollView+TPKeyboardAvoidingAdditions.m */ = {isa = PBXFileReference; fileEncoding = 4; lastKnownFileType = sourcecode.c.objc; path = "UIScrollView+TPKeyboardAvoidingAdditions.m"; sourceTree = "<group>"; };
		E196CF901B15CD1400178935 /* AFHTTPRequestOperation.h */ = {isa = PBXFileReference; fileEncoding = 4; lastKnownFileType = sourcecode.c.h; path = AFHTTPRequestOperation.h; sourceTree = "<group>"; };
		E196CF911B15CD1400178935 /* AFHTTPRequestOperation.m */ = {isa = PBXFileReference; fileEncoding = 4; lastKnownFileType = sourcecode.c.objc; path = AFHTTPRequestOperation.m; sourceTree = "<group>"; };
		E196CF921B15CD1400178935 /* AFHTTPRequestOperationManager.h */ = {isa = PBXFileReference; fileEncoding = 4; lastKnownFileType = sourcecode.c.h; path = AFHTTPRequestOperationManager.h; sourceTree = "<group>"; };
		E196CF931B15CD1400178935 /* AFHTTPRequestOperationManager.m */ = {isa = PBXFileReference; fileEncoding = 4; lastKnownFileType = sourcecode.c.objc; path = AFHTTPRequestOperationManager.m; sourceTree = "<group>"; };
		E196CF941B15CD1400178935 /* AFHTTPSessionManager.h */ = {isa = PBXFileReference; fileEncoding = 4; lastKnownFileType = sourcecode.c.h; path = AFHTTPSessionManager.h; sourceTree = "<group>"; };
		E196CF951B15CD1400178935 /* AFHTTPSessionManager.m */ = {isa = PBXFileReference; fileEncoding = 4; lastKnownFileType = sourcecode.c.objc; path = AFHTTPSessionManager.m; sourceTree = "<group>"; };
		E196CF961B15CD1400178935 /* AFNetworking.h */ = {isa = PBXFileReference; fileEncoding = 4; lastKnownFileType = sourcecode.c.h; path = AFNetworking.h; sourceTree = "<group>"; };
		E196CF971B15CD1400178935 /* AFNetworkReachabilityManager.h */ = {isa = PBXFileReference; fileEncoding = 4; lastKnownFileType = sourcecode.c.h; path = AFNetworkReachabilityManager.h; sourceTree = "<group>"; };
		E196CF981B15CD1400178935 /* AFNetworkReachabilityManager.m */ = {isa = PBXFileReference; fileEncoding = 4; lastKnownFileType = sourcecode.c.objc; path = AFNetworkReachabilityManager.m; sourceTree = "<group>"; };
		E196CF991B15CD1400178935 /* AFSecurityPolicy.h */ = {isa = PBXFileReference; fileEncoding = 4; lastKnownFileType = sourcecode.c.h; path = AFSecurityPolicy.h; sourceTree = "<group>"; };
		E196CF9A1B15CD1400178935 /* AFSecurityPolicy.m */ = {isa = PBXFileReference; fileEncoding = 4; lastKnownFileType = sourcecode.c.objc; path = AFSecurityPolicy.m; sourceTree = "<group>"; };
		E196CF9B1B15CD1400178935 /* AFURLConnectionOperation.h */ = {isa = PBXFileReference; fileEncoding = 4; lastKnownFileType = sourcecode.c.h; path = AFURLConnectionOperation.h; sourceTree = "<group>"; };
		E196CF9C1B15CD1400178935 /* AFURLConnectionOperation.m */ = {isa = PBXFileReference; fileEncoding = 4; lastKnownFileType = sourcecode.c.objc; path = AFURLConnectionOperation.m; sourceTree = "<group>"; };
		E196CF9D1B15CD1400178935 /* AFURLRequestSerialization.h */ = {isa = PBXFileReference; fileEncoding = 4; lastKnownFileType = sourcecode.c.h; path = AFURLRequestSerialization.h; sourceTree = "<group>"; };
		E196CF9E1B15CD1400178935 /* AFURLRequestSerialization.m */ = {isa = PBXFileReference; fileEncoding = 4; lastKnownFileType = sourcecode.c.objc; path = AFURLRequestSerialization.m; sourceTree = "<group>"; };
		E196CF9F1B15CD1400178935 /* AFURLResponseSerialization.h */ = {isa = PBXFileReference; fileEncoding = 4; lastKnownFileType = sourcecode.c.h; path = AFURLResponseSerialization.h; sourceTree = "<group>"; };
		E196CFA01B15CD1400178935 /* AFURLResponseSerialization.m */ = {isa = PBXFileReference; fileEncoding = 4; lastKnownFileType = sourcecode.c.objc; path = AFURLResponseSerialization.m; sourceTree = "<group>"; };
		E196CFA11B15CD1400178935 /* AFURLSessionManager.h */ = {isa = PBXFileReference; fileEncoding = 4; lastKnownFileType = sourcecode.c.h; path = AFURLSessionManager.h; sourceTree = "<group>"; };
		E196CFA21B15CD1400178935 /* AFURLSessionManager.m */ = {isa = PBXFileReference; fileEncoding = 4; lastKnownFileType = sourcecode.c.objc; path = AFURLSessionManager.m; sourceTree = "<group>"; };
		E196CFA41B15CD1400178935 /* AFNetworkActivityIndicatorManager.h */ = {isa = PBXFileReference; fileEncoding = 4; lastKnownFileType = sourcecode.c.h; path = AFNetworkActivityIndicatorManager.h; sourceTree = "<group>"; };
		E196CFA51B15CD1400178935 /* AFNetworkActivityIndicatorManager.m */ = {isa = PBXFileReference; fileEncoding = 4; lastKnownFileType = sourcecode.c.objc; path = AFNetworkActivityIndicatorManager.m; sourceTree = "<group>"; };
		E196CFA61B15CD1400178935 /* UIActivityIndicatorView+AFNetworking.h */ = {isa = PBXFileReference; fileEncoding = 4; lastKnownFileType = sourcecode.c.h; path = "UIActivityIndicatorView+AFNetworking.h"; sourceTree = "<group>"; };
		E196CFA71B15CD1400178935 /* UIActivityIndicatorView+AFNetworking.m */ = {isa = PBXFileReference; fileEncoding = 4; lastKnownFileType = sourcecode.c.objc; path = "UIActivityIndicatorView+AFNetworking.m"; sourceTree = "<group>"; };
		E196CFA81B15CD1400178935 /* UIAlertView+AFNetworking.h */ = {isa = PBXFileReference; fileEncoding = 4; lastKnownFileType = sourcecode.c.h; path = "UIAlertView+AFNetworking.h"; sourceTree = "<group>"; };
		E196CFA91B15CD1400178935 /* UIAlertView+AFNetworking.m */ = {isa = PBXFileReference; fileEncoding = 4; lastKnownFileType = sourcecode.c.objc; path = "UIAlertView+AFNetworking.m"; sourceTree = "<group>"; };
		E196CFAA1B15CD1400178935 /* UIButton+AFNetworking.h */ = {isa = PBXFileReference; fileEncoding = 4; lastKnownFileType = sourcecode.c.h; path = "UIButton+AFNetworking.h"; sourceTree = "<group>"; };
		E196CFAB1B15CD1400178935 /* UIButton+AFNetworking.m */ = {isa = PBXFileReference; fileEncoding = 4; lastKnownFileType = sourcecode.c.objc; path = "UIButton+AFNetworking.m"; sourceTree = "<group>"; };
		E196CFAC1B15CD1400178935 /* UIImageView+AFNetworking.h */ = {isa = PBXFileReference; fileEncoding = 4; lastKnownFileType = sourcecode.c.h; path = "UIImageView+AFNetworking.h"; sourceTree = "<group>"; };
		E196CFAD1B15CD1400178935 /* UIImageView+AFNetworking.m */ = {isa = PBXFileReference; fileEncoding = 4; lastKnownFileType = sourcecode.c.objc; path = "UIImageView+AFNetworking.m"; sourceTree = "<group>"; };
		E196CFAE1B15CD1400178935 /* UIKit+AFNetworking.h */ = {isa = PBXFileReference; fileEncoding = 4; lastKnownFileType = sourcecode.c.h; path = "UIKit+AFNetworking.h"; sourceTree = "<group>"; };
		E196CFAF1B15CD1400178935 /* UIProgressView+AFNetworking.h */ = {isa = PBXFileReference; fileEncoding = 4; lastKnownFileType = sourcecode.c.h; path = "UIProgressView+AFNetworking.h"; sourceTree = "<group>"; };
		E196CFB01B15CD1400178935 /* UIProgressView+AFNetworking.m */ = {isa = PBXFileReference; fileEncoding = 4; lastKnownFileType = sourcecode.c.objc; path = "UIProgressView+AFNetworking.m"; sourceTree = "<group>"; };
		E196CFB11B15CD1400178935 /* UIRefreshControl+AFNetworking.h */ = {isa = PBXFileReference; fileEncoding = 4; lastKnownFileType = sourcecode.c.h; path = "UIRefreshControl+AFNetworking.h"; sourceTree = "<group>"; };
		E196CFB21B15CD1400178935 /* UIRefreshControl+AFNetworking.m */ = {isa = PBXFileReference; fileEncoding = 4; lastKnownFileType = sourcecode.c.objc; path = "UIRefreshControl+AFNetworking.m"; sourceTree = "<group>"; };
		E196CFB31B15CD1400178935 /* UIWebView+AFNetworking.h */ = {isa = PBXFileReference; fileEncoding = 4; lastKnownFileType = sourcecode.c.h; path = "UIWebView+AFNetworking.h"; sourceTree = "<group>"; };
		E196CFB41B15CD1400178935 /* UIWebView+AFNetworking.m */ = {isa = PBXFileReference; fileEncoding = 4; lastKnownFileType = sourcecode.c.objc; path = "UIWebView+AFNetworking.m"; sourceTree = "<group>"; };
		E196CFC61B18769300178935 /* PrefixHeader.pch */ = {isa = PBXFileReference; lastKnownFileType = sourcecode.c.h; path = PrefixHeader.pch; sourceTree = "<group>"; };
/* End PBXFileReference section */

/* Begin PBXFrameworksBuildPhase section */
		E196CF571B15CA6A00178935 /* Frameworks */ = {
			isa = PBXFrameworksBuildPhase;
			buildActionMask = 2147483647;
			files = (
			);
			runOnlyForDeploymentPostprocessing = 0;
		};
		E196CF701B15CA6A00178935 /* Frameworks */ = {
			isa = PBXFrameworksBuildPhase;
			buildActionMask = 2147483647;
			files = (
			);
			runOnlyForDeploymentPostprocessing = 0;
		};
/* End PBXFrameworksBuildPhase section */

/* Begin PBXGroup section */
		E196CF511B15CA6A00178935 = {
			isa = PBXGroup;
			children = (
				E196CF5C1B15CA6A00178935 /* VirginPHPCommunicateTest */,
				E196CF761B15CA6A00178935 /* VirginPHPCommunicateTestTests */,
				E196CF5B1B15CA6A00178935 /* Products */,
			);
			sourceTree = "<group>";
		};
		E196CF5B1B15CA6A00178935 /* Products */ = {
			isa = PBXGroup;
			children = (
				E196CF5A1B15CA6A00178935 /* VirginPHPCommunicateTest.app */,
				E196CF731B15CA6A00178935 /* VirginPHPCommunicateTestTests.xctest */,
			);
			name = Products;
			sourceTree = "<group>";
		};
		E196CF5C1B15CA6A00178935 /* VirginPHPCommunicateTest */ = {
			isa = PBXGroup;
			children = (
				E196CF611B15CA6A00178935 /* AppDelegate.h */,
				E196CF621B15CA6A00178935 /* AppDelegate.m */,
				E196CF641B15CA6A00178935 /* ViewController.h */,
				E196CF831B15CBC300178935 /* TPKeyboardAvoidingCollectionView.h */,
				E196CF841B15CBC300178935 /* TPKeyboardAvoidingCollectionView.m */,
				E196CF851B15CBC300178935 /* TPKeyboardAvoidingScrollView.h */,
				E196CF861B15CBC300178935 /* TPKeyboardAvoidingScrollView.m */,
				E196CF871B15CBC300178935 /* TPKeyboardAvoidingTableView.h */,
				E196CF881B15CBC300178935 /* TPKeyboardAvoidingTableView.m */,
				E196CF891B15CBC300178935 /* UIScrollView+TPKeyboardAvoidingAdditions.h */,
				E196CF8A1B15CBC300178935 /* UIScrollView+TPKeyboardAvoidingAdditions.m */,
				E196CF651B15CA6A00178935 /* ViewController.m */,
				E196CFC61B18769300178935 /* PrefixHeader.pch */,
				E196CF8F1B15CD1400178935 /* AFNetworking */,
				E196CFA31B15CD1400178935 /* UIKit+AFNetworking */,
				E196CF671B15CA6A00178935 /* Main.storyboard */,
				E196CF6A1B15CA6A00178935 /* Images.xcassets */,
				E196CF6C1B15CA6A00178935 /* LaunchScreen.xib */,
				E196CF5D1B15CA6A00178935 /* Supporting Files */,
			);
			path = VirginPHPCommunicateTest;
			sourceTree = "<group>";
		};
		E196CF5D1B15CA6A00178935 /* Supporting Files */ = {
			isa = PBXGroup;
			children = (
				E196CF5E1B15CA6A00178935 /* Info.plist */,
				E196CF5F1B15CA6A00178935 /* main.m */,
			);
			name = "Supporting Files";
			sourceTree = "<group>";
		};
		E196CF761B15CA6A00178935 /* VirginPHPCommunicateTestTests */ = {
			isa = PBXGroup;
			children = (
				E196CF791B15CA6A00178935 /* VirginPHPCommunicateTestTests.m */,
				E196CF771B15CA6A00178935 /* Supporting Files */,
			);
			path = VirginPHPCommunicateTestTests;
			sourceTree = "<group>";
		};
		E196CF771B15CA6A00178935 /* Supporting Files */ = {
			isa = PBXGroup;
			children = (
				E196CF781B15CA6A00178935 /* Info.plist */,
			);
			name = "Supporting Files";
			sourceTree = "<group>";
		};
		E196CF8F1B15CD1400178935 /* AFNetworking */ = {
			isa = PBXGroup;
			children = (
				E196CF901B15CD1400178935 /* AFHTTPRequestOperation.h */,
				E196CF911B15CD1400178935 /* AFHTTPRequestOperation.m */,
				E196CF921B15CD1400178935 /* AFHTTPRequestOperationManager.h */,
				E196CF931B15CD1400178935 /* AFHTTPRequestOperationManager.m */,
				E196CF941B15CD1400178935 /* AFHTTPSessionManager.h */,
				E196CF951B15CD1400178935 /* AFHTTPSessionManager.m */,
				E196CF961B15CD1400178935 /* AFNetworking.h */,
				E196CF971B15CD1400178935 /* AFNetworkReachabilityManager.h */,
				E196CF981B15CD1400178935 /* AFNetworkReachabilityManager.m */,
				E196CF991B15CD1400178935 /* AFSecurityPolicy.h */,
				E196CF9A1B15CD1400178935 /* AFSecurityPolicy.m */,
				E196CF9B1B15CD1400178935 /* AFURLConnectionOperation.h */,
				E196CF9C1B15CD1400178935 /* AFURLConnectionOperation.m */,
				E196CF9D1B15CD1400178935 /* AFURLRequestSerialization.h */,
				E196CF9E1B15CD1400178935 /* AFURLRequestSerialization.m */,
				E196CF9F1B15CD1400178935 /* AFURLResponseSerialization.h */,
				E196CFA01B15CD1400178935 /* AFURLResponseSerialization.m */,
				E196CFA11B15CD1400178935 /* AFURLSessionManager.h */,
				E196CFA21B15CD1400178935 /* AFURLSessionManager.m */,
			);
			path = AFNetworking;
			sourceTree = "<group>";
		};
		E196CFA31B15CD1400178935 /* UIKit+AFNetworking */ = {
			isa = PBXGroup;
			children = (
				E196CFA41B15CD1400178935 /* AFNetworkActivityIndicatorManager.h */,
				E196CFA51B15CD1400178935 /* AFNetworkActivityIndicatorManager.m */,
				E196CFA61B15CD1400178935 /* UIActivityIndicatorView+AFNetworking.h */,
				E196CFA71B15CD1400178935 /* UIActivityIndicatorView+AFNetworking.m */,
				E196CFA81B15CD1400178935 /* UIAlertView+AFNetworking.h */,
				E196CFA91B15CD1400178935 /* UIAlertView+AFNetworking.m */,
				E196CFAA1B15CD1400178935 /* UIButton+AFNetworking.h */,
				E196CFAB1B15CD1400178935 /* UIButton+AFNetworking.m */,
				E196CFAC1B15CD1400178935 /* UIImageView+AFNetworking.h */,
				E196CFAD1B15CD1400178935 /* UIImageView+AFNetworking.m */,
				E196CFAE1B15CD1400178935 /* UIKit+AFNetworking.h */,
				E196CFAF1B15CD1400178935 /* UIProgressView+AFNetworking.h */,
				E196CFB01B15CD1400178935 /* UIProgressView+AFNetworking.m */,
				E196CFB11B15CD1400178935 /* UIRefreshControl+AFNetworking.h */,
				E196CFB21B15CD1400178935 /* UIRefreshControl+AFNetworking.m */,
				E196CFB31B15CD1400178935 /* UIWebView+AFNetworking.h */,
				E196CFB41B15CD1400178935 /* UIWebView+AFNetworking.m */,
			);
			path = "UIKit+AFNetworking";
			sourceTree = "<group>";
		};
/* End PBXGroup section */

/* Begin PBXNativeTarget section */
		E196CF591B15CA6A00178935 /* VirginPHPCommunicateTest */ = {
			isa = PBXNativeTarget;
			buildConfigurationList = E196CF7D1B15CA6A00178935 /* Build configuration list for PBXNativeTarget "VirginPHPCommunicateTest" */;
			buildPhases = (
				E196CF561B15CA6A00178935 /* Sources */,
				E196CF571B15CA6A00178935 /* Frameworks */,
				E196CF581B15CA6A00178935 /* Resources */,
			);
			buildRules = (
			);
			dependencies = (
			);
			name = VirginPHPCommunicateTest;
			productName = VirginPHPCommunicateTest;
			productReference = E196CF5A1B15CA6A00178935 /* VirginPHPCommunicateTest.app */;
			productType = "com.apple.product-type.application";
		};
		E196CF721B15CA6A00178935 /* VirginPHPCommunicateTestTests */ = {
			isa = PBXNativeTarget;
			buildConfigurationList = E196CF801B15CA6A00178935 /* Build configuration list for PBXNativeTarget "VirginPHPCommunicateTestTests" */;
			buildPhases = (
				E196CF6F1B15CA6A00178935 /* Sources */,
				E196CF701B15CA6A00178935 /* Frameworks */,
				E196CF711B15CA6A00178935 /* Resources */,
			);
			buildRules = (
			);
			dependencies = (
				E196CF751B15CA6A00178935 /* PBXTargetDependency */,
			);
			name = VirginPHPCommunicateTestTests;
			productName = VirginPHPCommunicateTestTests;
			productReference = E196CF731B15CA6A00178935 /* VirginPHPCommunicateTestTests.xctest */;
			productType = "com.apple.product-type.bundle.unit-test";
		};
/* End PBXNativeTarget section */

/* Begin PBXProject section */
		E196CF521B15CA6A00178935 /* Project object */ = {
			isa = PBXProject;
			attributes = {
				LastUpgradeCheck = 0630;
				ORGANIZATIONNAME = llch;
				TargetAttributes = {
					E196CF591B15CA6A00178935 = {
						CreatedOnToolsVersion = 6.3.1;
					};
					E196CF721B15CA6A00178935 = {
						CreatedOnToolsVersion = 6.3.1;
						TestTargetID = E196CF591B15CA6A00178935;
					};
				};
			};
			buildConfigurationList = E196CF551B15CA6A00178935 /* Build configuration list for PBXProject "VirginPHPCommunicateTest" */;
			compatibilityVersion = "Xcode 3.2";
			developmentRegion = English;
			hasScannedForEncodings = 0;
			knownRegions = (
				en,
				Base,
			);
			mainGroup = E196CF511B15CA6A00178935;
			productRefGroup = E196CF5B1B15CA6A00178935 /* Products */;
			projectDirPath = "";
			projectRoot = "";
			targets = (
				E196CF591B15CA6A00178935 /* VirginPHPCommunicateTest */,
				E196CF721B15CA6A00178935 /* VirginPHPCommunicateTestTests */,
			);
		};
/* End PBXProject section */

/* Begin PBXResourcesBuildPhase section */
		E196CF581B15CA6A00178935 /* Resources */ = {
			isa = PBXResourcesBuildPhase;
			buildActionMask = 2147483647;
			files = (
				E196CF691B15CA6A00178935 /* Main.storyboard in Resources */,
				E196CF6E1B15CA6A00178935 /* LaunchScreen.xib in Resources */,
				E196CF6B1B15CA6A00178935 /* Images.xcassets in Resources */,
			);
			runOnlyForDeploymentPostprocessing = 0;
		};
		E196CF711B15CA6A00178935 /* Resources */ = {
			isa = PBXResourcesBuildPhase;
			buildActionMask = 2147483647;
			files = (
			);
			runOnlyForDeploymentPostprocessing = 0;
		};
/* End PBXResourcesBuildPhase section */

/* Begin PBXSourcesBuildPhase section */
		E196CF561B15CA6A00178935 /* Sources */ = {
			isa = PBXSourcesBuildPhase;
			buildActionMask = 2147483647;
			files = (
				E196CFC41B15CD1400178935 /* UIRefreshControl+AFNetworking.m in Sources */,
				E196CFBA1B15CD1400178935 /* AFURLConnectionOperation.m in Sources */,
				E196CF661B15CA6A00178935 /* ViewController.m in Sources */,
				E196CFC31B15CD1400178935 /* UIProgressView+AFNetworking.m in Sources */,
				E196CF8C1B15CBC300178935 /* TPKeyboardAvoidingScrollView.m in Sources */,
				E196CFC01B15CD1400178935 /* UIAlertView+AFNetworking.m in Sources */,
				E196CF631B15CA6A00178935 /* AppDelegate.m in Sources */,
				E196CFBC1B15CD1400178935 /* AFURLResponseSerialization.m in Sources */,
				E196CFC11B15CD1400178935 /* UIButton+AFNetworking.m in Sources */,
				E196CF8E1B15CBC300178935 /* UIScrollView+TPKeyboardAvoidingAdditions.m in Sources */,
				E196CFBF1B15CD1400178935 /* UIActivityIndicatorView+AFNetworking.m in Sources */,
				E196CFBB1B15CD1400178935 /* AFURLRequestSerialization.m in Sources */,
				E196CFBE1B15CD1400178935 /* AFNetworkActivityIndicatorManager.m in Sources */,
				E196CFB91B15CD1400178935 /* AFSecurityPolicy.m in Sources */,
				E196CFB51B15CD1400178935 /* AFHTTPRequestOperation.m in Sources */,
				E196CFBD1B15CD1400178935 /* AFURLSessionManager.m in Sources */,
				E196CF8D1B15CBC300178935 /* TPKeyboardAvoidingTableView.m in Sources */,
				E196CF8B1B15CBC300178935 /* TPKeyboardAvoidingCollectionView.m in Sources */,
				E196CFB71B15CD1400178935 /* AFHTTPSessionManager.m in Sources */,
				E196CF601B15CA6A00178935 /* main.m in Sources */,
				E196CFC51B15CD1400178935 /* UIWebView+AFNetworking.m in Sources */,
				E196CFB81B15CD1400178935 /* AFNetworkReachabilityManager.m in Sources */,
				E196CFC21B15CD1400178935 /* UIImageView+AFNetworking.m in Sources */,
				E196CFB61B15CD1400178935 /* AFHTTPRequestOperationManager.m in Sources */,
			);
			runOnlyForDeploymentPostprocessing = 0;
		};
		E196CF6F1B15CA6A00178935 /* Sources */ = {
			isa = PBXSourcesBuildPhase;
			buildActionMask = 2147483647;
			files = (
				E196CF7A1B15CA6A00178935 /* VirginPHPCommunicateTestTests.m in Sources */,
			);
			runOnlyForDeploymentPostprocessing = 0;
		};
/* End PBXSourcesBuildPhase section */

/* Begin PBXTargetDependency section */
		E196CF751B15CA6A00178935 /* PBXTargetDependency */ = {
			isa = PBXTargetDependency;
			target = E196CF591B15CA6A00178935 /* VirginPHPCommunicateTest */;
			targetProxy = E196CF741B15CA6A00178935 /* PBXContainerItemProxy */;
		};
/* End PBXTargetDependency section */

/* Begin PBXVariantGroup section */
		E196CF671B15CA6A00178935 /* Main.storyboard */ = {
			isa = PBXVariantGroup;
			children = (
				E196CF681B15CA6A00178935 /* Base */,
			);
			name = Main.storyboard;
			sourceTree = "<group>";
		};
		E196CF6C1B15CA6A00178935 /* LaunchScreen.xib */ = {
			isa = PBXVariantGroup;
			children = (
				E196CF6D1B15CA6A00178935 /* Base */,
			);
			name = LaunchScreen.xib;
			sourceTree = "<group>";
		};
/* End PBXVariantGroup section */

/* Begin XCBuildConfiguration section */
		E196CF7B1B15CA6A00178935 /* Debug */ = {
			isa = XCBuildConfiguration;
			buildSettings = {
				ALWAYS_SEARCH_USER_PATHS = NO;
				CLANG_CXX_LANGUAGE_STANDARD = "gnu++0x";
				CLANG_CXX_LIBRARY = "libc++";
				CLANG_ENABLE_MODULES = YES;
				CLANG_ENABLE_OBJC_ARC = YES;
				CLANG_WARN_BOOL_CONVERSION = YES;
				CLANG_WARN_CONSTANT_CONVERSION = YES;
				CLANG_WARN_DIRECT_OBJC_ISA_USAGE = YES_ERROR;
				CLANG_WARN_EMPTY_BODY = YES;
				CLANG_WARN_ENUM_CONVERSION = YES;
				CLANG_WARN_INT_CONVERSION = YES;
				CLANG_WARN_OBJC_ROOT_CLASS = YES_ERROR;
				CLANG_WARN_UNREACHABLE_CODE = YES;
				CLANG_WARN__DUPLICATE_METHOD_MATCH = YES;
				"CODE_SIGN_IDENTITY[sdk=iphoneos*]" = "iPhone Developer";
				COPY_PHASE_STRIP = NO;
				DEBUG_INFORMATION_FORMAT = "dwarf-with-dsym";
				ENABLE_STRICT_OBJC_MSGSEND = YES;
				GCC_C_LANGUAGE_STANDARD = gnu99;
				GCC_DYNAMIC_NO_PIC = NO;
				GCC_NO_COMMON_BLOCKS = YES;
				GCC_OPTIMIZATION_LEVEL = 0;
				GCC_PREPROCESSOR_DEFINITIONS = (
					"DEBUG=1",
					"$(inherited)",
				);
				GCC_SYMBOLS_PRIVATE_EXTERN = NO;
				GCC_WARN_64_TO_32_BIT_CONVERSION = YES;
				GCC_WARN_ABOUT_RETURN_TYPE = YES_ERROR;
				GCC_WARN_UNDECLARED_SELECTOR = YES;
				GCC_WARN_UNINITIALIZED_AUTOS = YES_AGGRESSIVE;
				GCC_WARN_UNUSED_FUNCTION = YES;
				GCC_WARN_UNUSED_VARIABLE = YES;
				IPHONEOS_DEPLOYMENT_TARGET = 8.3;
				MTL_ENABLE_DEBUG_INFO = YES;
				ONLY_ACTIVE_ARCH = YES;
				SDKROOT = iphoneos;
			};
			name = Debug;
		};
		E196CF7C1B15CA6A00178935 /* Release */ = {
			isa = XCBuildConfiguration;
			buildSettings = {
				ALWAYS_SEARCH_USER_PATHS = NO;
				CLANG_CXX_LANGUAGE_STANDARD = "gnu++0x";
				CLANG_CXX_LIBRARY = "libc++";
				CLANG_ENABLE_MODULES = YES;
				CLANG_ENABLE_OBJC_ARC = YES;
				CLANG_WARN_BOOL_CONVERSION = YES;
				CLANG_WARN_CONSTANT_CONVERSION = YES;
				CLANG_WARN_DIRECT_OBJC_ISA_USAGE = YES_ERROR;
				CLANG_WARN_EMPTY_BODY = YES;
				CLANG_WARN_ENUM_CONVERSION = YES;
				CLANG_WARN_INT_CONVERSION = YES;
				CLANG_WARN_OBJC_ROOT_CLASS = YES_ERROR;
				CLANG_WARN_UNREACHABLE_CODE = YES;
				CLANG_WARN__DUPLICATE_METHOD_MATCH = YES;
				"CODE_SIGN_IDENTITY[sdk=iphoneos*]" = "iPhone Developer";
				COPY_PHASE_STRIP = NO;
				DEBUG_INFORMATION_FORMAT = "dwarf-with-dsym";
				ENABLE_NS_ASSERTIONS = NO;
				ENABLE_STRICT_OBJC_MSGSEND = YES;
				GCC_C_LANGUAGE_STANDARD = gnu99;
				GCC_NO_COMMON_BLOCKS = YES;
				GCC_WARN_64_TO_32_BIT_CONVERSION = YES;
				GCC_WARN_ABOUT_RETURN_TYPE = YES_ERROR;
				GCC_WARN_UNDECLARED_SELECTOR = YES;
				GCC_WARN_UNINITIALIZED_AUTOS = YES_AGGRESSIVE;
				GCC_WARN_UNUSED_FUNCTION = YES;
				GCC_WARN_UNUSED_VARIABLE = YES;
				IPHONEOS_DEPLOYMENT_TARGET = 8.3;
				MTL_ENABLE_DEBUG_INFO = NO;
				SDKROOT = iphoneos;
				VALIDATE_PRODUCT = YES;
			};
			name = Release;
		};
		E196CF7E1B15CA6A00178935 /* Debug */ = {
			isa = XCBuildConfiguration;
			buildSettings = {
				ASSETCATALOG_COMPILER_APPICON_NAME = AppIcon;
				GCC_PRECOMPILE_PREFIX_HEADER = NO;
				GCC_PREFIX_HEADER = PrefixHeader.pch;
				INFOPLIST_FILE = VirginPHPCommunicateTest/Info.plist;
				LD_RUNPATH_SEARCH_PATHS = "$(inherited) @executable_path/Frameworks";
				PRODUCT_NAME = "$(TARGET_NAME)";
			};
			name = Debug;
		};
		E196CF7F1B15CA6A00178935 /* Release */ = {
			isa = XCBuildConfiguration;
			buildSettings = {
				ASSETCATALOG_COMPILER_APPICON_NAME = AppIcon;
				GCC_PRECOMPILE_PREFIX_HEADER = NO;
				GCC_PREFIX_HEADER = PrefixHeader.pch;
				INFOPLIST_FILE = VirginPHPCommunicateTest/Info.plist;
				LD_RUNPATH_SEARCH_PATHS = "$(inherited) @executable_path/Frameworks";
				PRODUCT_NAME = "$(TARGET_NAME)";
			};
			name = Release;
		};
		E196CF811B15CA6A00178935 /* Debug */ = {
			isa = XCBuildConfiguration;
			buildSettings = {
				BUNDLE_LOADER = "$(TEST_HOST)";
				FRAMEWORK_SEARCH_PATHS = (
					"$(SDKROOT)/Developer/Library/Frameworks",
					"$(inherited)",
				);
				GCC_PREPROCESSOR_DEFINITIONS = (
					"DEBUG=1",
					"$(inherited)",
				);
				INFOPLIST_FILE = VirginPHPCommunicateTestTests/Info.plist;
				LD_RUNPATH_SEARCH_PATHS = "$(inherited) @executable_path/Frameworks @loader_path/Frameworks";
				PRODUCT_NAME = "$(TARGET_NAME)";
				TEST_HOST = "$(BUILT_PRODUCTS_DIR)/VirginPHPCommunicateTest.app/VirginPHPCommunicateTest";
			};
			name = Debug;
		};
		E196CF821B15CA6A00178935 /* Release */ = {
			isa = XCBuildConfiguration;
			buildSettings = {
				BUNDLE_LOADER = "$(TEST_HOST)";
				FRAMEWORK_SEARCH_PATHS = (
					"$(SDKROOT)/Developer/Library/Frameworks",
					"$(inherited)",
				);
				INFOPLIST_FILE = VirginPHPCommunicateTestTests/Info.plist;
				LD_RUNPATH_SEARCH_PATHS = "$(inherited) @executable_path/Frameworks @loader_path/Frameworks";
				PRODUCT_NAME = "$(TARGET_NAME)";
				TEST_HOST = "$(BUILT_PRODUCTS_DIR)/VirginPHPCommunicateTest.app/VirginPHPCommunicateTest";
			};
			name = Release;
		};
/* End XCBuildConfiguration section */

/* Begin XCConfigurationList section */
		E196CF551B15CA6A00178935 /* Build configuration list for PBXProject "VirginPHPCommunicateTest" */ = {
			isa = XCConfigurationList;
			buildConfigurations = (
				E196CF7B1B15CA6A00178935 /* Debug */,
				E196CF7C1B15CA6A00178935 /* Release */,
			);
			defaultConfigurationIsVisible = 0;
			defaultConfigurationName = Release;
		};
		E196CF7D1B15CA6A00178935 /* Build configuration list for PBXNativeTarget "VirginPHPCommunicateTest" */ = {
			isa = XCConfigurationList;
			buildConfigurations = (
				E196CF7E1B15CA6A00178935 /* Debug */,
				E196CF7F1B15CA6A00178935 /* Release */,
			);
			defaultConfigurationIsVisible = 0;
		};
		E196CF801B15CA6A00178935 /* Build configuration list for PBXNativeTarget "VirginPHPCommunicateTestTests" */ = {
			isa = XCConfigurationList;
			buildConfigurations = (
				E196CF811B15CA6A00178935 /* Debug */,
				E196CF821B15CA6A00178935 /* Release */,
			);
			defaultConfigurationIsVisible = 0;
		};
/* End XCConfigurationList section */
	};
	rootObject = E196CF521B15CA6A00178935 /* Project object */;
}
